connectrpc.com/connect v1.16.2 h1:HSiZcAPoQmBbkOMCBFEJJzCQhRiJGFypatEMEbNVwnCI=
connectrpc.com/connect v1.16.2/go.mod h1:I2Q4UXNDB+ORLIqSqnVAi4HsZJFuBpWm0bfJGHR5bts=
connectrpc.com/grpchealth v1.3.0 h1:FA4gONFYdoANSfLFzEQVq5I+VWSM8P3uHAoU7mzlq0k=
connectrpc.com/grpchealth v1.3.0/go.mod h1:R5LvzJRFZKZ4D2GpGKUKhiMGlAlzxwGxrCO0rcflTeQ=
connectrpc.com/grpcreflect v1.2.0 h1:Q6og1S7HinmGhlu4pJQBhFN7Oxjmq9uFQT6BNuXSZo0=
connectrpc.com/grpcreflect v1.2.0/go.mod h1:cKzBQjH/2UNEUgPVvQZLHtnNqc7/6+PmvTwfDfxJj2E=
github.com/golang-jwt/jwt/v5 v5.2.1 h1:OuVbFODueb089Lh128TAcimifWaLhJwVflnrgM17wHk=
github.com/golang-jwt/jwt/v5 v5.2.1/go.mod h1:pqrtFR0X4osieyHYxtmOUWsAWrfe1Q5UVIyoH402zdk=
github.com/google/uuid v1.6.0 h1:NIvaJDMnZMs17tplzAckB04ZVtNHx5i+5GnAFbSHKh4=
github.com/google/uuid v1.6.0/go.mod h1:TIyPZe4MgqvfeYDBFedMoGGpEw/LqOeaOT+nhxU+yHo=
github.com/jackc/pgpassfile v1.0.0 h1:/6Hmqy13Ss2zCq62VdNG8px6/WhcbeSAz0pjA5oG+pA=
github.com/jackc/pgpassfile v1.0.0/go.mod h1:CEx0iS5ambNFdcRtxPj5JhEz+xB6uRky5eyVu/W2HEg=
github.com/jackc/pgservicefile v0.0.0-20231201235250-de7065d787b7 h1:bbPeKD0xmW/Y25WS6uokEsX/C77wridQpUr1Bs6laTM=
github.com/jackc/pgservicefile v0.0.0-20231201235250-de7065d787b7/go.mod h1:5TJZWKEWniPve33vlWYSoGYefn3gLQRzjfDlhSJ9ZKM=
github.com/jackc/pgx/v5 v5.6.0 h1:SWJzexBzPL5jb0GEsrPMLIsi/3jOo7RHlzTjcAeDrPY=
github.com/jackc/pgx/v5 v5.6.0/go.mod h1:DNZ/vlrUnhWCoFGxHAg8U0lYTgbhowAERZQpSoGDUhU=
github.com/jackc/puddle/v2 v2.2.1 h1:RhxXJtFG022u4ibrCSMEg2fbkN3KF7L2krAIgNaTzvY=
github.com/jackc/puddle/v2 v2.2.1/go.mod h1:vriiEXHvEE654aYKXXjOvZM39qJ0q+azkZFrfEOc3H4=
github.com/rs/cors v1.11.0 h1:0B9GE/r9Bc2UxRMMtymBkHTenPkHDv0CW4Y98GBY+po=
github.com/rs/cors v1.11.0/go.mod h1:XyqrcTp5zjWr1wsW8T4D6MkAIgjPkz1H0LbJh/BwQ8=
golang.org/x/crypto v0.24.0 h1:mnl8DM0o513X8fdIkmyFE/5hTYxbwYOjDS/+rK6qpRI=
golang.org/x/crypto v0.24.0/go.mod h1:Z1PMYSOR5nyMcyAVAIrmr+i9B9B1Y4cI/0dSqhQoLkI=
golang.org/x/net v0.26.0 h1:821HX74tyrqatzGo5K1jr7BDV5ZEyZAZyF2X2WuwIJA=
golang.org/x/net v0.26.0/go.mod h1:5YKkiSynbBIh3p6iOc/vibscux0x38BZDkn8sCUPxHE=
golang.org/x/sync v0.7.0 h1:YsImfSBoP9QPYL0xyKJPq0gcaJdG3rInoqxTWbfQu9M=
golang.org/x/sync v0.7.0/go.mod h1:Czt+wKu1gCyEFDUtn0jG5QVvpJ6rzVqr5aXyt9drQfk=
golang.org/x/text v0.16.0 h1:a94ExnEXNtEwYLGJSIUxnWoxoRz/ZcCsV63ROupILh4=
golang.org/x/text v0.16.0/go.mod h1:GhwF1Be+LQoKShO3cGOHzqOgRrGaYc9AvblQOmPVHnI=
google.golang.org/protobuf v1.34.2 h1:6xV6lTsCfpGD21XK49h7MhtcApnLqkfYgPcdHftf6hg=
google.golang.org/protobuf v1.34.2/go.mod h1:qYOHts0dSfpeUzUFpOMr/WGzszTmLH+DiWniOlNbLDw=
